
Microsoft Visual Studio Solution File, Format Version 12.00
# Visual Studio Version 17
VisualStudioVersion = 17.11.35208.52
MinimumVisualStudioVersion = 10.0.40219.1
Project("{FAE04EC0-301F-11D3-BF4B-00C04F79EFBC}") = "BackEnd Task", "BackEnd Task\BackEnd Task.csproj", "{A2BB8D57-620A-4BE1-9FF7-2FF630F3133E}"
EndProject
Global
	GlobalSection(SolutionConfigurationPlatforms) = preSolution
		Debug|Any CPU = Debug|Any CPU
		Release|Any CPU = Release|Any CPU
	EndGlobalSection
	GlobalSection(ProjectConfigurationPlatforms) = postSolution
		{A2BB8D57-620A-4BE1-9FF7-2FF630F3133E}.Debug|Any CPU.ActiveCfg = Debug|Any CPU
		{A2BB8D57-620A-4BE1-9FF7-2FF630F3133E}.Debug|Any CPU.Build.0 = Debug|Any CPU
		{A2BB8D57-620A-4BE1-9FF7-2FF630F3133E}.Release|Any CPU.ActiveCfg = Release|Any CPU
		{A2BB8D57-620A-4BE1-9FF7-2FF630F3133E}.Release|Any CPU.Build.0 = Release|Any CPU
	EndGlobalSection
	GlobalSection(SolutionProperties) = preSolution
		HideSolutionNode = FALSE
	EndGlobalSection
	GlobalSection(ExtensibilityGlobals) = postSolution
		SolutionGuid = {67F55DB7-1722-4E16-9ACE-CCA416D4F7D3}
	EndGlobalSection
EndGlobal
