
Microsoft Visual Studio Solution File, Format Version 12.00
# Visual Studio Version 17
VisualStudioVersion = 17.11.35208.52
MinimumVisualStudioVersion = 10.0.40219.1
Project("{9A19103F-16F7-4668-BE54-9A1E7A4F7556}") = "BackEnd Task", "BackEnd Task\BackEnd Task.csproj", "{A2BB8D57-620A-4BE1-9FF7-2FF630F3133E}"
EndProject
Project("{9A19103F-16F7-4668-BE54-9A1E7A4F7556}") = "Core", "Core\Core.csproj", "{BDCA6121-97C9-4B47-B55B-7ADAA693D59E}"
EndProject
Project("{9A19103F-16F7-4668-BE54-9A1E7A4F7556}") = "Repository", "Repository\Repository.csproj", "{CBB8494B-6B70-45E4-8DB8-877BF5455E4C}"
EndProject
Project("{9A19103F-16F7-4668-BE54-9A1E7A4F7556}") = "Service", "Service\Service.csproj", "{076A1955-1323-4931-9C50-438862112817}"
EndProject
Global
	GlobalSection(SolutionConfigurationPlatforms) = preSolution
		Debug|Any CPU = Debug|Any CPU
		Release|Any CPU = Release|Any CPU
	EndGlobalSection
	GlobalSection(ProjectConfigurationPlatforms) = postSolution
		{A2BB8D57-620A-4BE1-9FF7-2FF630F3133E}.Debug|Any CPU.ActiveCfg = Debug|Any CPU
		{A2BB8D57-620A-4BE1-9FF7-2FF630F3133E}.Debug|Any CPU.Build.0 = Debug|Any CPU
		{A2BB8D57-620A-4BE1-9FF7-2FF630F3133E}.Release|Any CPU.ActiveCfg = Release|Any CPU
		{A2BB8D57-620A-4BE1-9FF7-2FF630F3133E}.Release|Any CPU.Build.0 = Release|Any CPU
		{BDCA6121-97C9-4B47-B55B-7ADAA693D59E}.Debug|Any CPU.ActiveCfg = Debug|Any CPU
		{BDCA6121-97C9-4B47-B55B-7ADAA693D59E}.Debug|Any CPU.Build.0 = Debug|Any CPU
		{BDCA6121-97C9-4B47-B55B-7ADAA693D59E}.Release|Any CPU.ActiveCfg = Release|Any CPU
		{BDCA6121-97C9-4B47-B55B-7ADAA693D59E}.Release|Any CPU.Build.0 = Release|Any CPU
		{CBB8494B-6B70-45E4-8DB8-877BF5455E4C}.Debug|Any CPU.ActiveCfg = Debug|Any CPU
		{CBB8494B-6B70-45E4-8DB8-877BF5455E4C}.Debug|Any CPU.Build.0 = Debug|Any CPU
		{CBB8494B-6B70-45E4-8DB8-877BF5455E4C}.Release|Any CPU.ActiveCfg = Release|Any CPU
		{CBB8494B-6B70-45E4-8DB8-877BF5455E4C}.Release|Any CPU.Build.0 = Release|Any CPU
		{076A1955-1323-4931-9C50-438862112817}.Debug|Any CPU.ActiveCfg = Debug|Any CPU
		{076A1955-1323-4931-9C50-438862112817}.Debug|Any CPU.Build.0 = Debug|Any CPU
		{076A1955-1323-4931-9C50-438862112817}.Release|Any CPU.ActiveCfg = Release|Any CPU
		{076A1955-1323-4931-9C50-438862112817}.Release|Any CPU.Build.0 = Release|Any CPU
	EndGlobalSection
	GlobalSection(SolutionProperties) = preSolution
		HideSolutionNode = FALSE
	EndGlobalSection
	GlobalSection(ExtensibilityGlobals) = postSolution
		SolutionGuid = {67F55DB7-1722-4E16-9ACE-CCA416D4F7D3}
	EndGlobalSection
EndGlobal
